github.com/Cesar312/dog v0.0.0-20231219035722-9b4b3ac89568 h1:OE3bmJ/WyTUP29D4Wj293Oi9fPE4P4PJFNLPNzDCK6E=
github.com/Cesar312/dog v0.0.0-20231219035722-9b4b3ac89568/go.mod h1:ITkJZCURzZSCQL6lbPdSbW0mr18+i9Mdhmk18xG5PPQ=
github.com/Cesar312/puppy v0.0.0-20231220041454-29b047086bba h1:ZaXmDZR2WBAsOYwkorQTk6ixKrz+Jxjg1znbArKS7ek=
github.com/Cesar312/puppy v0.0.0-20231220041454-29b047086bba/go.mod h1:TB9XI+bFZfNKwKHbXRTgbP2Xc+83GH8jeV4io0npWGg=
